
Microsoft Visual Studio Solution File, Format Version 12.00
# Visual Studio Version 16
VisualStudioVersion = 16.0.31729.503
MinimumVisualStudioVersion = 10.0.40219.1
Project("{FAE04EC0-301F-11D3-BF4B-00C04F79EFBC}") = "JustinTownleyCapstone", "JustinTownleyCapstone.csproj", "{CA727F53-D615-4546-81D8-8DC2DD649430}"
EndProject
Global
	GlobalSection(SolutionConfigurationPlatforms) = preSolution
		Debug|Any CPU = Debug|Any CPU
		Release|Any CPU = Release|Any CPU
	EndGlobalSection
	GlobalSection(ProjectConfigurationPlatforms) = postSolution
		{CA727F53-D615-4546-81D8-8DC2DD649430}.Debug|Any CPU.ActiveCfg = Debug|Any CPU
		{CA727F53-D615-4546-81D8-8DC2DD649430}.Debug|Any CPU.Build.0 = Debug|Any CPU
		{CA727F53-D615-4546-81D8-8DC2DD649430}.Release|Any CPU.ActiveCfg = Release|Any CPU
		{CA727F53-D615-4546-81D8-8DC2DD649430}.Release|Any CPU.Build.0 = Release|Any CPU
	EndGlobalSection
	GlobalSection(SolutionProperties) = preSolution
		HideSolutionNode = FALSE
	EndGlobalSection
	GlobalSection(ExtensibilityGlobals) = postSolution
		SolutionGuid = {FC2A712F-ED31-47A9-AFE8-FDA64442ADD3}
	EndGlobalSection
EndGlobal
